
Microsoft Visual Studio Solution File, Format Version 12.00
# Visual Studio Version 17
VisualStudioVersion = 17.1.32210.238
MinimumVisualStudioVersion = 10.0.40219.1
Project("{FAE04EC0-301F-11D3-BF4B-00C04F79EFBC}") = "TrackerLibrary", "TrackerLibrary\TrackerLibrary.csproj", "{08CEC97A-76FC-41DC-AC98-EA747F30688A}"
EndProject
Project("{FAE04EC0-301F-11D3-BF4B-00C04F79EFBC}") = "TrackerUI", "TrackerUI\TrackerUI.csproj", "{6EEAE1F8-D251-4258-8FFF-66A49CF1939E}"
EndProject
Global
	GlobalSection(SolutionConfigurationPlatforms) = preSolution
		Debug|Any CPU = Debug|Any CPU
		Release|Any CPU = Release|Any CPU
	EndGlobalSection
	GlobalSection(ProjectConfigurationPlatforms) = postSolution
		{08CEC97A-76FC-41DC-AC98-EA747F30688A}.Debug|Any CPU.ActiveCfg = Debug|Any CPU
		{08CEC97A-76FC-41DC-AC98-EA747F30688A}.Debug|Any CPU.Build.0 = Debug|Any CPU
		{08CEC97A-76FC-41DC-AC98-EA747F30688A}.Release|Any CPU.ActiveCfg = Release|Any CPU
		{08CEC97A-76FC-41DC-AC98-EA747F30688A}.Release|Any CPU.Build.0 = Release|Any CPU
		{6EEAE1F8-D251-4258-8FFF-66A49CF1939E}.Debug|Any CPU.ActiveCfg = Debug|Any CPU
		{6EEAE1F8-D251-4258-8FFF-66A49CF1939E}.Debug|Any CPU.Build.0 = Debug|Any CPU
		{6EEAE1F8-D251-4258-8FFF-66A49CF1939E}.Release|Any CPU.ActiveCfg = Release|Any CPU
		{6EEAE1F8-D251-4258-8FFF-66A49CF1939E}.Release|Any CPU.Build.0 = Release|Any CPU
	EndGlobalSection
	GlobalSection(SolutionProperties) = preSolution
		HideSolutionNode = FALSE
	EndGlobalSection
	GlobalSection(ExtensibilityGlobals) = postSolution
		SolutionGuid = {4E51EE69-D4CA-44AC-9DB7-20CB941C2696}
	EndGlobalSection
EndGlobal
